
Microsoft Visual Studio Solution File, Format Version 12.00
# Visual Studio Version 17
VisualStudioVersion = 17.0.31903.59
MinimumVisualStudioVersion = 10.0.40219.1
Project("{9A19103F-16F7-4668-BE54-9A1E7A4F7556}") = "udp-client", "udp-client\udp-client.csproj", "{6D28917A-B151-49B5-9E7C-B38A911D365D}"
EndProject
Project("{9A19103F-16F7-4668-BE54-9A1E7A4F7556}") = "udp-server", "udp-server\udp-server.csproj", "{88C27C07-9B1D-4954-9876-0205F9CC6C0A}"
EndProject
Project("{2150E333-8FDC-42A3-9474-1A3956D46DE8}") = "unit-1", "unit-1", "{8C37DEB5-198C-48DF-BB49-49C2FC24B9B1}"
EndProject
Project("{9A19103F-16F7-4668-BE54-9A1E7A4F7556}") = "tcp-client", "tcp-client\tcp-client.csproj", "{7EB47167-7A2F-40C2-9426-5287D91816F6}"
EndProject
Project("{9A19103F-16F7-4668-BE54-9A1E7A4F7556}") = "tcp-server", "tcp-server\tcp-server.csproj", "{A9584583-C38F-49E2-AF0C-D0F427550104}"
EndProject
Project("{2150E333-8FDC-42A3-9474-1A3956D46DE8}") = "tcp-example", "tcp-example", "{9036EE12-B739-4839-A977-5E3CC15AD3A6}"
EndProject
Project("{2150E333-8FDC-42A3-9474-1A3956D46DE8}") = "udp-example", "udp-example", "{A19CBD2B-E63F-4D92-8252-206974D5EEC3}"
EndProject
Project("{2150E333-8FDC-42A3-9474-1A3956D46DE8}") = "wpf-examples", "wpf-examples", "{E3A6C6A7-F46A-4FEE-B050-2F61D5898D56}"
EndProject
Project("{9A19103F-16F7-4668-BE54-9A1E7A4F7556}") = "udp-wpf-client", "udp-wpf-client\udp-wpf-client.csproj", "{66B9F158-3D90-4A43-AAB5-9E393B44A315}"
EndProject
Project("{9A19103F-16F7-4668-BE54-9A1E7A4F7556}") = "udp-wpf-server", "udp-wpf-server\udp-wpf-server.csproj", "{372FFF1E-9740-48B9-B530-9DDBE40A344A}"
EndProject
Project("{9A19103F-16F7-4668-BE54-9A1E7A4F7556}") = "tcp-wpf-client", "tcp-wpf-client\tcp-wpf-client.csproj", "{42DBE415-092E-4E0F-AA28-F24CBDEDC08C}"
EndProject
Project("{9A19103F-16F7-4668-BE54-9A1E7A4F7556}") = "tcp-wpf-server", "tcp-wpf-server\tcp-wpf-server.csproj", "{47A7097C-B60E-4DE5-A37E-F66B792DBAC9}"
EndProject
Project("{2150E333-8FDC-42A3-9474-1A3956D46DE8}") = "tcp-proyecto", "tcp-proyecto", "{6EBA1D4B-62CD-45F8-87B2-16C32C1F22EC}"
EndProject
Project("{9A19103F-16F7-4668-BE54-9A1E7A4F7556}") = "tcp-proyecto-cliente", "tcp-proyecto-cliente\tcp-proyecto-cliente.csproj", "{77731E61-4855-45A3-AB4E-3994F109F42F}"
EndProject
Project("{9A19103F-16F7-4668-BE54-9A1E7A4F7556}") = "tcp-proyecto-server", "tcp-proyecto-server\tcp-proyecto-server.csproj", "{1923CE33-E8A2-459D-A894-06D4CE222387}"
EndProject
Project("{2150E333-8FDC-42A3-9474-1A3956D46DE8}") = "unit-2", "unit-2", "{4C0ED7ED-C715-4D41-983D-AC0135E669C8}"
EndProject
Project("{2150E333-8FDC-42A3-9474-1A3956D46DE8}") = "http-example", "http-example", "{B58CA08C-13F4-408E-BB1A-C50733322480}"
EndProject
Project("{9A19103F-16F7-4668-BE54-9A1E7A4F7556}") = "http-server", "http-server\http-server.csproj", "{B906ED77-37C5-479A-93E3-110D6A4082E2}"
EndProject
Project("{9A19103F-16F7-4668-BE54-9A1E7A4F7556}") = "htttp-ejercicio-1", "htttp-ejercicio-1\htttp-ejercicio-1.csproj", "{CE5122B4-ED98-41C9-9797-B02E4FE01195}"
EndProject
Project("{9A19103F-16F7-4668-BE54-9A1E7A4F7556}") = "http-project", "http-project\http-project.csproj", "{2CBADABE-AEC8-472B-AC81-DB1E9BD8CC61}"
EndProject
Project("{2150E333-8FDC-42A3-9474-1A3956D46DE8}") = "unit-3", "unit-3", "{B2A343C3-BDAB-4852-8899-27B3321528BA}"
EndProject
Project("{2150E333-8FDC-42A3-9474-1A3956D46DE8}") = "api-project", "api-project", "{09FA5853-DC51-46DA-B816-9905B6004204}"
EndProject
Project("{9A19103F-16F7-4668-BE54-9A1E7A4F7556}") = "project-api", "project-api\project-api.csproj", "{E6EB543B-9758-427D-A1DF-49E03A619ABD}"
EndProject
Project("{9A19103F-16F7-4668-BE54-9A1E7A4F7556}") = "project-client", "project-client\project-client.csproj", "{C365062B-96C1-4D52-85E0-06320896725C}"
EndProject
Project("{2150E333-8FDC-42A3-9474-1A3956D46DE8}") = "unit-4", "unit-4", "{E29DDD12-B837-4D60-BC83-C9BF18507B5B}"
EndProject
Project("{2150E333-8FDC-42A3-9474-1A3956D46DE8}") = "signal-project", "signal-project", "{2423AAB6-83C9-460B-9C2D-2F0D4E545B3B}"
EndProject
Project("{9A19103F-16F7-4668-BE54-9A1E7A4F7556}") = "project-signalr-api", "project-signalr-api\project-signalr-api.csproj", "{F1B81950-AF5E-42B4-8C4C-ECFD8BEBFA02}"
EndProject
Project("{9A19103F-16F7-4668-BE54-9A1E7A4F7556}") = "project-signalr-administrador", "project-signalr-administrador\project-signalr-administrador.csproj", "{32796A7D-91A7-4B0E-B2A7-62512C0033AE}"
EndProject
Project("{9A19103F-16F7-4668-BE54-9A1E7A4F7556}") = "project-signalr-cliente", "project-signalr-cliente\project-signalr-cliente.csproj", "{C58A8612-6468-4CE2-B35B-81B67866AEF2}"
EndProject
Project("{FAE04EC0-301F-11D3-BF4B-00C04F79EFBC}") = "signalrCliente", "signalrCliente\signalrCliente.csproj", "{C6F9E2DA-D925-47C6-B81E-65184F66EBB6}"
EndProject
Global
	GlobalSection(SolutionConfigurationPlatforms) = preSolution
		Debug|Any CPU = Debug|Any CPU
		Release|Any CPU = Release|Any CPU
	EndGlobalSection
	GlobalSection(ProjectConfigurationPlatforms) = postSolution
		{6D28917A-B151-49B5-9E7C-B38A911D365D}.Debug|Any CPU.ActiveCfg = Debug|Any CPU
		{6D28917A-B151-49B5-9E7C-B38A911D365D}.Debug|Any CPU.Build.0 = Debug|Any CPU
		{6D28917A-B151-49B5-9E7C-B38A911D365D}.Release|Any CPU.ActiveCfg = Release|Any CPU
		{6D28917A-B151-49B5-9E7C-B38A911D365D}.Release|Any CPU.Build.0 = Release|Any CPU
		{88C27C07-9B1D-4954-9876-0205F9CC6C0A}.Debug|Any CPU.ActiveCfg = Debug|Any CPU
		{88C27C07-9B1D-4954-9876-0205F9CC6C0A}.Debug|Any CPU.Build.0 = Debug|Any CPU
		{88C27C07-9B1D-4954-9876-0205F9CC6C0A}.Release|Any CPU.ActiveCfg = Release|Any CPU
		{88C27C07-9B1D-4954-9876-0205F9CC6C0A}.Release|Any CPU.Build.0 = Release|Any CPU
		{7EB47167-7A2F-40C2-9426-5287D91816F6}.Debug|Any CPU.ActiveCfg = Debug|Any CPU
		{7EB47167-7A2F-40C2-9426-5287D91816F6}.Debug|Any CPU.Build.0 = Debug|Any CPU
		{7EB47167-7A2F-40C2-9426-5287D91816F6}.Release|Any CPU.ActiveCfg = Release|Any CPU
		{7EB47167-7A2F-40C2-9426-5287D91816F6}.Release|Any CPU.Build.0 = Release|Any CPU
		{A9584583-C38F-49E2-AF0C-D0F427550104}.Debug|Any CPU.ActiveCfg = Debug|Any CPU
		{A9584583-C38F-49E2-AF0C-D0F427550104}.Debug|Any CPU.Build.0 = Debug|Any CPU
		{A9584583-C38F-49E2-AF0C-D0F427550104}.Release|Any CPU.ActiveCfg = Release|Any CPU
		{A9584583-C38F-49E2-AF0C-D0F427550104}.Release|Any CPU.Build.0 = Release|Any CPU
		{66B9F158-3D90-4A43-AAB5-9E393B44A315}.Debug|Any CPU.ActiveCfg = Debug|Any CPU
		{66B9F158-3D90-4A43-AAB5-9E393B44A315}.Debug|Any CPU.Build.0 = Debug|Any CPU
		{66B9F158-3D90-4A43-AAB5-9E393B44A315}.Release|Any CPU.ActiveCfg = Release|Any CPU
		{66B9F158-3D90-4A43-AAB5-9E393B44A315}.Release|Any CPU.Build.0 = Release|Any CPU
		{372FFF1E-9740-48B9-B530-9DDBE40A344A}.Debug|Any CPU.ActiveCfg = Debug|Any CPU
		{372FFF1E-9740-48B9-B530-9DDBE40A344A}.Debug|Any CPU.Build.0 = Debug|Any CPU
		{372FFF1E-9740-48B9-B530-9DDBE40A344A}.Release|Any CPU.ActiveCfg = Release|Any CPU
		{372FFF1E-9740-48B9-B530-9DDBE40A344A}.Release|Any CPU.Build.0 = Release|Any CPU
		{42DBE415-092E-4E0F-AA28-F24CBDEDC08C}.Debug|Any CPU.ActiveCfg = Debug|Any CPU
		{42DBE415-092E-4E0F-AA28-F24CBDEDC08C}.Debug|Any CPU.Build.0 = Debug|Any CPU
		{42DBE415-092E-4E0F-AA28-F24CBDEDC08C}.Release|Any CPU.ActiveCfg = Release|Any CPU
		{42DBE415-092E-4E0F-AA28-F24CBDEDC08C}.Release|Any CPU.Build.0 = Release|Any CPU
		{47A7097C-B60E-4DE5-A37E-F66B792DBAC9}.Debug|Any CPU.ActiveCfg = Debug|Any CPU
		{47A7097C-B60E-4DE5-A37E-F66B792DBAC9}.Debug|Any CPU.Build.0 = Debug|Any CPU
		{47A7097C-B60E-4DE5-A37E-F66B792DBAC9}.Release|Any CPU.ActiveCfg = Release|Any CPU
		{47A7097C-B60E-4DE5-A37E-F66B792DBAC9}.Release|Any CPU.Build.0 = Release|Any CPU
		{77731E61-4855-45A3-AB4E-3994F109F42F}.Debug|Any CPU.ActiveCfg = Debug|Any CPU
		{77731E61-4855-45A3-AB4E-3994F109F42F}.Debug|Any CPU.Build.0 = Debug|Any CPU
		{77731E61-4855-45A3-AB4E-3994F109F42F}.Release|Any CPU.ActiveCfg = Release|Any CPU
		{77731E61-4855-45A3-AB4E-3994F109F42F}.Release|Any CPU.Build.0 = Release|Any CPU
		{1923CE33-E8A2-459D-A894-06D4CE222387}.Debug|Any CPU.ActiveCfg = Debug|Any CPU
		{1923CE33-E8A2-459D-A894-06D4CE222387}.Debug|Any CPU.Build.0 = Debug|Any CPU
		{1923CE33-E8A2-459D-A894-06D4CE222387}.Release|Any CPU.ActiveCfg = Release|Any CPU
		{1923CE33-E8A2-459D-A894-06D4CE222387}.Release|Any CPU.Build.0 = Release|Any CPU
		{B906ED77-37C5-479A-93E3-110D6A4082E2}.Debug|Any CPU.ActiveCfg = Debug|Any CPU
		{B906ED77-37C5-479A-93E3-110D6A4082E2}.Debug|Any CPU.Build.0 = Debug|Any CPU
		{B906ED77-37C5-479A-93E3-110D6A4082E2}.Release|Any CPU.ActiveCfg = Release|Any CPU
		{B906ED77-37C5-479A-93E3-110D6A4082E2}.Release|Any CPU.Build.0 = Release|Any CPU
		{CE5122B4-ED98-41C9-9797-B02E4FE01195}.Debug|Any CPU.ActiveCfg = Debug|Any CPU
		{CE5122B4-ED98-41C9-9797-B02E4FE01195}.Debug|Any CPU.Build.0 = Debug|Any CPU
		{CE5122B4-ED98-41C9-9797-B02E4FE01195}.Release|Any CPU.ActiveCfg = Release|Any CPU
		{CE5122B4-ED98-41C9-9797-B02E4FE01195}.Release|Any CPU.Build.0 = Release|Any CPU
		{2CBADABE-AEC8-472B-AC81-DB1E9BD8CC61}.Debug|Any CPU.ActiveCfg = Debug|Any CPU
		{2CBADABE-AEC8-472B-AC81-DB1E9BD8CC61}.Debug|Any CPU.Build.0 = Debug|Any CPU
		{2CBADABE-AEC8-472B-AC81-DB1E9BD8CC61}.Release|Any CPU.ActiveCfg = Release|Any CPU
		{2CBADABE-AEC8-472B-AC81-DB1E9BD8CC61}.Release|Any CPU.Build.0 = Release|Any CPU
		{E6EB543B-9758-427D-A1DF-49E03A619ABD}.Debug|Any CPU.ActiveCfg = Debug|Any CPU
		{E6EB543B-9758-427D-A1DF-49E03A619ABD}.Debug|Any CPU.Build.0 = Debug|Any CPU
		{E6EB543B-9758-427D-A1DF-49E03A619ABD}.Release|Any CPU.ActiveCfg = Release|Any CPU
		{E6EB543B-9758-427D-A1DF-49E03A619ABD}.Release|Any CPU.Build.0 = Release|Any CPU
		{C365062B-96C1-4D52-85E0-06320896725C}.Debug|Any CPU.ActiveCfg = Debug|Any CPU
		{C365062B-96C1-4D52-85E0-06320896725C}.Debug|Any CPU.Build.0 = Debug|Any CPU
		{C365062B-96C1-4D52-85E0-06320896725C}.Release|Any CPU.ActiveCfg = Release|Any CPU
		{C365062B-96C1-4D52-85E0-06320896725C}.Release|Any CPU.Build.0 = Release|Any CPU
		{F1B81950-AF5E-42B4-8C4C-ECFD8BEBFA02}.Debug|Any CPU.ActiveCfg = Debug|Any CPU
		{F1B81950-AF5E-42B4-8C4C-ECFD8BEBFA02}.Debug|Any CPU.Build.0 = Debug|Any CPU
		{F1B81950-AF5E-42B4-8C4C-ECFD8BEBFA02}.Release|Any CPU.ActiveCfg = Release|Any CPU
		{F1B81950-AF5E-42B4-8C4C-ECFD8BEBFA02}.Release|Any CPU.Build.0 = Release|Any CPU
		{32796A7D-91A7-4B0E-B2A7-62512C0033AE}.Debug|Any CPU.ActiveCfg = Debug|Any CPU
		{32796A7D-91A7-4B0E-B2A7-62512C0033AE}.Debug|Any CPU.Build.0 = Debug|Any CPU
		{32796A7D-91A7-4B0E-B2A7-62512C0033AE}.Release|Any CPU.ActiveCfg = Release|Any CPU
		{32796A7D-91A7-4B0E-B2A7-62512C0033AE}.Release|Any CPU.Build.0 = Release|Any CPU
		{C58A8612-6468-4CE2-B35B-81B67866AEF2}.Debug|Any CPU.ActiveCfg = Debug|Any CPU
		{C58A8612-6468-4CE2-B35B-81B67866AEF2}.Debug|Any CPU.Build.0 = Debug|Any CPU
		{C58A8612-6468-4CE2-B35B-81B67866AEF2}.Release|Any CPU.ActiveCfg = Release|Any CPU
		{C58A8612-6468-4CE2-B35B-81B67866AEF2}.Release|Any CPU.Build.0 = Release|Any CPU
		{C6F9E2DA-D925-47C6-B81E-65184F66EBB6}.Debug|Any CPU.ActiveCfg = Debug|Any CPU
		{C6F9E2DA-D925-47C6-B81E-65184F66EBB6}.Debug|Any CPU.Build.0 = Debug|Any CPU
		{C6F9E2DA-D925-47C6-B81E-65184F66EBB6}.Release|Any CPU.ActiveCfg = Release|Any CPU
		{C6F9E2DA-D925-47C6-B81E-65184F66EBB6}.Release|Any CPU.Build.0 = Release|Any CPU
	EndGlobalSection
	GlobalSection(SolutionProperties) = preSolution
		HideSolutionNode = FALSE
	EndGlobalSection
	GlobalSection(NestedProjects) = preSolution
		{6D28917A-B151-49B5-9E7C-B38A911D365D} = {A19CBD2B-E63F-4D92-8252-206974D5EEC3}
		{88C27C07-9B1D-4954-9876-0205F9CC6C0A} = {A19CBD2B-E63F-4D92-8252-206974D5EEC3}
		{7EB47167-7A2F-40C2-9426-5287D91816F6} = {9036EE12-B739-4839-A977-5E3CC15AD3A6}
		{A9584583-C38F-49E2-AF0C-D0F427550104} = {9036EE12-B739-4839-A977-5E3CC15AD3A6}
		{9036EE12-B739-4839-A977-5E3CC15AD3A6} = {8C37DEB5-198C-48DF-BB49-49C2FC24B9B1}
		{A19CBD2B-E63F-4D92-8252-206974D5EEC3} = {8C37DEB5-198C-48DF-BB49-49C2FC24B9B1}
		{E3A6C6A7-F46A-4FEE-B050-2F61D5898D56} = {8C37DEB5-198C-48DF-BB49-49C2FC24B9B1}
		{66B9F158-3D90-4A43-AAB5-9E393B44A315} = {E3A6C6A7-F46A-4FEE-B050-2F61D5898D56}
		{372FFF1E-9740-48B9-B530-9DDBE40A344A} = {E3A6C6A7-F46A-4FEE-B050-2F61D5898D56}
		{42DBE415-092E-4E0F-AA28-F24CBDEDC08C} = {E3A6C6A7-F46A-4FEE-B050-2F61D5898D56}
		{47A7097C-B60E-4DE5-A37E-F66B792DBAC9} = {E3A6C6A7-F46A-4FEE-B050-2F61D5898D56}
		{6EBA1D4B-62CD-45F8-87B2-16C32C1F22EC} = {8C37DEB5-198C-48DF-BB49-49C2FC24B9B1}
		{77731E61-4855-45A3-AB4E-3994F109F42F} = {6EBA1D4B-62CD-45F8-87B2-16C32C1F22EC}
		{1923CE33-E8A2-459D-A894-06D4CE222387} = {6EBA1D4B-62CD-45F8-87B2-16C32C1F22EC}
		{B58CA08C-13F4-408E-BB1A-C50733322480} = {4C0ED7ED-C715-4D41-983D-AC0135E669C8}
		{B906ED77-37C5-479A-93E3-110D6A4082E2} = {B58CA08C-13F4-408E-BB1A-C50733322480}
		{CE5122B4-ED98-41C9-9797-B02E4FE01195} = {4C0ED7ED-C715-4D41-983D-AC0135E669C8}
		{2CBADABE-AEC8-472B-AC81-DB1E9BD8CC61} = {4C0ED7ED-C715-4D41-983D-AC0135E669C8}
		{09FA5853-DC51-46DA-B816-9905B6004204} = {B2A343C3-BDAB-4852-8899-27B3321528BA}
		{E6EB543B-9758-427D-A1DF-49E03A619ABD} = {09FA5853-DC51-46DA-B816-9905B6004204}
		{C365062B-96C1-4D52-85E0-06320896725C} = {09FA5853-DC51-46DA-B816-9905B6004204}
		{2423AAB6-83C9-460B-9C2D-2F0D4E545B3B} = {E29DDD12-B837-4D60-BC83-C9BF18507B5B}
		{F1B81950-AF5E-42B4-8C4C-ECFD8BEBFA02} = {2423AAB6-83C9-460B-9C2D-2F0D4E545B3B}
		{32796A7D-91A7-4B0E-B2A7-62512C0033AE} = {2423AAB6-83C9-460B-9C2D-2F0D4E545B3B}
		{C58A8612-6468-4CE2-B35B-81B67866AEF2} = {2423AAB6-83C9-460B-9C2D-2F0D4E545B3B}
		{C6F9E2DA-D925-47C6-B81E-65184F66EBB6} = {E29DDD12-B837-4D60-BC83-C9BF18507B5B}
	EndGlobalSection
	GlobalSection(ExtensibilityGlobals) = postSolution
		SolutionGuid = {2134F099-F74D-4AB1-A8DC-D14434322077}
	EndGlobalSection
EndGlobal
