
Microsoft Visual Studio Solution File, Format Version 12.00
# Visual Studio Version 17
VisualStudioVersion = 17.5.002.0
MinimumVisualStudioVersion = 10.0.40219.1
Project("{9A19103F-16F7-4668-BE54-9A1E7A4F7556}") = "tcp-wpf-server", "tcp-wpf-server.csproj", "{69130631-819D-414F-82E9-1644C2C600D7}"
EndProject
Global
	GlobalSection(SolutionConfigurationPlatforms) = preSolution
		Debug|Any CPU = Debug|Any CPU
		Release|Any CPU = Release|Any CPU
	EndGlobalSection
	GlobalSection(ProjectConfigurationPlatforms) = postSolution
		{69130631-819D-414F-82E9-1644C2C600D7}.Debug|Any CPU.ActiveCfg = Debug|Any CPU
		{69130631-819D-414F-82E9-1644C2C600D7}.Debug|Any CPU.Build.0 = Debug|Any CPU
		{69130631-819D-414F-82E9-1644C2C600D7}.Release|Any CPU.ActiveCfg = Release|Any CPU
		{69130631-819D-414F-82E9-1644C2C600D7}.Release|Any CPU.Build.0 = Release|Any CPU
	EndGlobalSection
	GlobalSection(SolutionProperties) = preSolution
		HideSolutionNode = FALSE
	EndGlobalSection
	GlobalSection(ExtensibilityGlobals) = postSolution
		SolutionGuid = {7FBBA5F8-4F97-46E7-80B8-57D1C8073835}
	EndGlobalSection
EndGlobal
